<?xml version="1.0" encoding="utf-8"?>
<Project ToolsVersion="4.0" xmlns="http://schemas.microsoft.com/developer/msbuild/2003">
  <ItemGroup>
    <None Include="readme.txt" />
    <None Include="VideoPlayerApp\Assets\VideoPlayer\Plugins.meta">
      <Filter>VideoPlayerApp\Assets\VideoPlayer</Filter>
    </None>
    <None Include="VideoPlayerApp\Assets\VideoPlayer\Plugins\WSA\x64\VideoPlayer.dll.meta">
      <Filter>VideoPlayerApp\Assets\VideoPlayer\Plugins\WSA\x64</Filter>
    </None>
    <None Include="VideoPlayerApp\Assets\VideoPlayer\Plugins\WSA\x86\VideoPlayer.dll.meta">
      <Filter>VideoPlayerApp\Assets\VideoPlayer\Plugins\WSA\x86</Filter>
    </None>
    <None Include="VideoPlayerApp\Assets\VideoPlayer\Plugins\x64\VideoPlayer.dll.meta">
      <Filter>VideoPlayerApp\Assets\VideoPlayer\Plugins\x64</Filter>
    </None>
    <None Include="VideoPlayerApp\Assets\VideoPlayer\Plugins\x86\VideoPlayer.dll.meta">
      <Filter>VideoPlayerApp\Assets\VideoPlayer\Plugins\x86</Filter>
    </None>
    <None Include="VideoPlayerApp\Assets\VideoPlayer\Scripts.meta">
      <Filter>VideoPlayerApp\Assets\VideoPlayer</Filter>
    </None>
    <None Include="VideoPlayerApp\Assets\VideoPlayer\Scripts\BasePlugin.cs">
      <Filter>VideoPlayerApp\Assets\VideoPlayer\Scripts</Filter>
    </None>
    <None Include="VideoPlayerApp\Assets\VideoPlayer\Scripts\BasePlugin.cs.meta">
      <Filter>VideoPlayerApp\Assets\VideoPlayer\Scripts</Filter>
    </None>
    <None Include="VideoPlayerApp\Assets\VideoPlayer\Scripts\Mesh.cs">
      <Filter>VideoPlayerApp\Assets\VideoPlayer\Scripts</Filter>
    </None>
    <None Include="VideoPlayerApp\Assets\VideoPlayer\Scripts\Mesh.cs.meta">
      <Filter>VideoPlayerApp\Assets\VideoPlayer\Scripts</Filter>
    </None>
    <None Include="VideoPlayerApp\Assets\Materials.meta">
      <Filter>VideoPlayerApp\Assets</Filter>
    </None>
    <None Include="VideoPlayerApp\Assets\Materials\VertexColor.mat">
      <Filter>VideoPlayerApp\Assets\Materials</Filter>
    </None>
    <None Include="VideoPlayerApp\Assets\Materials\VertexColor.mat.meta">
      <Filter>VideoPlayerApp\Assets\Materials</Filter>
    </None>
    <None Include="VideoPlayerApp\Assets\VideoPlayer.meta">
      <Filter>VideoPlayerApp\Assets</Filter>
    </None>
    <None Include="VideoPlayerApp\Assets\Scenes.meta">
      <Filter>VideoPlayerApp\Assets</Filter>
    </None>
    <None Include="VideoPlayerApp\Assets\Scenes\Sample.unity">
      <Filter>VideoPlayerApp\Assets\Scenes</Filter>
    </None>
    <None Include="VideoPlayerApp\Assets\Scenes\Sample.unity.meta">
      <Filter>VideoPlayerApp\Assets\Scenes</Filter>
    </None>
    <None Include="VideoPlayerApp\Assets\Scripts.meta">
      <Filter>VideoPlayerApp\Assets</Filter>
    </None>
    <None Include="VideoPlayerApp\Assets\Scripts\Spin.cs">
      <Filter>VideoPlayerApp\Assets\Scripts</Filter>
    </None>
    <None Include="VideoPlayerApp\Assets\Scripts\Spin.cs.meta">
      <Filter>VideoPlayerApp\Assets\Scripts</Filter>
    </None>
    <None Include="VideoPlayerApp\Assets\Shaders.meta">
      <Filter>VideoPlayerApp\Assets</Filter>
    </None>
    <None Include="VideoPlayerApp\Assets\Shaders\VertexColor.shader">
      <Filter>VideoPlayerApp\Assets\Shaders</Filter>
    </None>
    <None Include="VideoPlayerApp\Assets\Shaders\VertexColor.shader.meta">
      <Filter>VideoPlayerApp\Assets\Shaders</Filter>
    </None>
  </ItemGroup>
  <ItemGroup>
    <Filter Include="VideoPlayerApp">
      <UniqueIdentifier>{00b8e006-6025-47c1-9661-98019daf6a6e}</UniqueIdentifier>
    </Filter>
    <Filter Include="VideoPlayerApp\Assets">
      <UniqueIdentifier>{7048cd8e-6bd9-459f-aebb-21664df35877}</UniqueIdentifier>
    </Filter>
    <Filter Include="VideoPlayerApp\Assets\VideoPlayer">
      <UniqueIdentifier>{926e5524-6c08-4c70-9517-32e374d456f0}</UniqueIdentifier>
    </Filter>
    <Filter Include="VideoPlayerApp\Assets\VideoPlayer\Plugins">
      <UniqueIdentifier>{204a6c11-eb0b-4716-9bc4-328e12832aa3}</UniqueIdentifier>
    </Filter>
    <Filter Include="VideoPlayerApp\Assets\VideoPlayer\Plugins\WSA">
      <UniqueIdentifier>{9642158c-f761-45b7-bb7a-a0399aeda84e}</UniqueIdentifier>
    </Filter>
    <Filter Include="VideoPlayerApp\Assets\VideoPlayer\Plugins\WSA\x86">
      <UniqueIdentifier>{9e4424ce-96eb-4b24-a015-7dd05b63b57f}</UniqueIdentifier>
    </Filter>
    <Filter Include="VideoPlayerApp\Assets\VideoPlayer\Plugins\WSA\x64">
      <UniqueIdentifier>{6bc95f0a-ef86-45ac-b75e-a3bcb245a692}</UniqueIdentifier>
    </Filter>
    <Filter Include="VideoPlayerApp\Assets\VideoPlayer\Plugins\x64">
      <UniqueIdentifier>{808b5158-8c86-40c7-8924-42015baff6d7}</UniqueIdentifier>
    </Filter>
    <Filter Include="VideoPlayerApp\Assets\VideoPlayer\Plugins\x86">
      <UniqueIdentifier>{a7bc7341-62ea-429b-945f-822a70b65e01}</UniqueIdentifier>
    </Filter>
    <Filter Include="VideoPlayerApp\Assets\VideoPlayer\Scripts">
      <UniqueIdentifier>{1256f156-fe67-4fcc-b260-16cba63cac90}</UniqueIdentifier>
    </Filter>
    <Filter Include="VideoPlayerApp\Assets\Materials">
      <UniqueIdentifier>{17c24179-61cc-4114-beff-342af6949198</UniqueIdentifier>
    </Filter>
    <Filter Include="VideoPlayerApp\Assets\Scenes">
      <UniqueIdentifier>{bd0733b9-0fb8-4375-86b3-01d157f6d6fa}</UniqueIdentifier>
    </Filter>
    <Filter Include="VideoPlayerApp\Assets\Scripts">
      <UniqueIdentifier>{3914fdf1-bb36-4dc1-93a5-48b453414483}</UniqueIdentifier>
    </Filter>
    <Filter Include="VideoPlayerApp\Assets\Shaders">
      <UniqueIdentifier>{30b54dbb-8726-4005-9280-85a71bc5dcd7}</UniqueIdentifier>
    </Filter>
  </ItemGroup>
</Project>