
Microsoft Visual Studio Solution File, Format Version 12.00
# Visual Studio 15
Project("{FAE04EC0-301F-11D3-BF4B-00C04F79EFBC}") = "PDFLoaderApp", "PDFLoaderApp.csproj", "{FBEED92E-37AC-2540-599F-E54B5B57BE3C}"
EndProject
Global
	GlobalSection(SolutionConfigurationPlatforms) = preSolution
		Debug|Any CPU = Debug|Any CPU
		Release|Any CPU = Release|Any CPU
	EndGlobalSection
	GlobalSection(ProjectConfigurationPlatforms) = postSolution
		{FBEED92E-37AC-2540-599F-E54B5B57BE3C}.Debug|Any CPU.ActiveCfg = Debug|Any CPU
		{FBEED92E-37AC-2540-599F-E54B5B57BE3C}.Debug|Any CPU.Build.0 = Debug|Any CPU
		{FBEED92E-37AC-2540-599F-E54B5B57BE3C}.Release|Any CPU.ActiveCfg = Release|Any CPU
		{FBEED92E-37AC-2540-599F-E54B5B57BE3C}.Release|Any CPU.Build.0 = Release|Any CPU
	EndGlobalSection
	GlobalSection(SolutionProperties) = preSolution
		HideSolutionNode = FALSE
	EndGlobalSection
EndGlobal
